
Microsoft Visual Studio Solution File, Format Version 12.00
# Visual Studio Version 17
VisualStudioVersion = 17.8.34511.84
MinimumVisualStudioVersion = 10.0.40219.1
Project("{8BC9CEB8-8B4A-11D0-8D11-00A0C91BC942}") = "M7", "M7\M7.vcxproj", "{8E618D15-D83C-4F1F-B01F-5683FC1D0383}"
EndProject
Global
	GlobalSection(SolutionConfigurationPlatforms) = preSolution
		Debug|x64 = Debug|x64
		Debug|x86 = Debug|x86
		Release|x64 = Release|x64
		Release|x86 = Release|x86
	EndGlobalSection
	GlobalSection(ProjectConfigurationPlatforms) = postSolution
		{8E618D15-D83C-4F1F-B01F-5683FC1D0383}.Debug|x64.ActiveCfg = Debug|x64
		{8E618D15-D83C-4F1F-B01F-5683FC1D0383}.Debug|x64.Build.0 = Debug|x64
		{8E618D15-D83C-4F1F-B01F-5683FC1D0383}.Debug|x86.ActiveCfg = Debug|Win32
		{8E618D15-D83C-4F1F-B01F-5683FC1D0383}.Debug|x86.Build.0 = Debug|Win32
		{8E618D15-D83C-4F1F-B01F-5683FC1D0383}.Release|x64.ActiveCfg = Release|x64
		{8E618D15-D83C-4F1F-B01F-5683FC1D0383}.Release|x64.Build.0 = Release|x64
		{8E618D15-D83C-4F1F-B01F-5683FC1D0383}.Release|x86.ActiveCfg = Release|Win32
		{8E618D15-D83C-4F1F-B01F-5683FC1D0383}.Release|x86.Build.0 = Release|Win32
	EndGlobalSection
	GlobalSection(SolutionProperties) = preSolution
		HideSolutionNode = FALSE
	EndGlobalSection
	GlobalSection(ExtensibilityGlobals) = postSolution
		SolutionGuid = {B09AE932-6FD5-47D0-8BA6-8E3E38200E5A}
	EndGlobalSection
EndGlobal
